
Microsoft Visual Studio Solution File, Format Version 12.00
# Visual Studio 15
VisualStudioVersion = 15.0.26430.16
MinimumVisualStudioVersion = 10.0.40219.1
Project("{FAE04EC0-301F-11D3-BF4B-00C04F79EFBC}") = "CheckDebugFlags", "CheckDebugFlags\CheckDebugFlags.csproj", "{298E9F66-7140-439C-A40E-0F5B3747FAE2}"
EndProject
Project("{2150E333-8FDC-42A3-9474-1A3956D46DE8}") = "Solution Items", "Solution Items", "{7ED12C10-3643-4594-831A-F26801AAAC3B}"
	ProjectSection(SolutionItems) = preProject
		.gitattributes = .gitattributes
		.gitignore = .gitignore
		README.md = README.md
	EndProjectSection
EndProject
Project("{FAE04EC0-301F-11D3-BF4B-00C04F79EFBC}") = "Tests", "Tests\Tests.csproj", "{A507927E-FC4C-4513-A41F-33053D1A309B}"
EndProject
Global
	GlobalSection(SolutionConfigurationPlatforms) = preSolution
		Debug|Any CPU = Debug|Any CPU
		Release|Any CPU = Release|Any CPU
	EndGlobalSection
	GlobalSection(ProjectConfigurationPlatforms) = postSolution
		{298E9F66-7140-439C-A40E-0F5B3747FAE2}.Debug|Any CPU.ActiveCfg = Debug|Any CPU
		{298E9F66-7140-439C-A40E-0F5B3747FAE2}.Debug|Any CPU.Build.0 = Debug|Any CPU
		{298E9F66-7140-439C-A40E-0F5B3747FAE2}.Release|Any CPU.ActiveCfg = Release|Any CPU
		{298E9F66-7140-439C-A40E-0F5B3747FAE2}.Release|Any CPU.Build.0 = Release|Any CPU
		{A507927E-FC4C-4513-A41F-33053D1A309B}.Debug|Any CPU.ActiveCfg = Debug|Any CPU
		{A507927E-FC4C-4513-A41F-33053D1A309B}.Debug|Any CPU.Build.0 = Debug|Any CPU
		{A507927E-FC4C-4513-A41F-33053D1A309B}.Release|Any CPU.ActiveCfg = Release|Any CPU
		{A507927E-FC4C-4513-A41F-33053D1A309B}.Release|Any CPU.Build.0 = Release|Any CPU
	EndGlobalSection
	GlobalSection(SolutionProperties) = preSolution
		HideSolutionNode = FALSE
	EndGlobalSection
EndGlobal
